
Microsoft Visual Studio Solution File, Format Version 12.00
# Visual Studio 15
VisualStudioVersion = 15.0.28307.1585
MinimumVisualStudioVersion = 10.0.40219.1
Project("{159641D6-6404-4A2A-AE62-294DE0FE8301}") = "PractiseProject", "PractiseProject\PractiseProject.dtproj", "{75CC57D4-02EE-43DD-8FEA-F18DE9A755B0}"
EndProject
Global
	GlobalSection(SolutionConfigurationPlatforms) = preSolution
		Development|Default = Development|Default
	EndGlobalSection
	GlobalSection(ProjectConfigurationPlatforms) = postSolution
		{75CC57D4-02EE-43DD-8FEA-F18DE9A755B0}.Development|Default.ActiveCfg = Development
		{75CC57D4-02EE-43DD-8FEA-F18DE9A755B0}.Development|Default.Build.0 = Development
	EndGlobalSection
	GlobalSection(SolutionProperties) = preSolution
		HideSolutionNode = FALSE
	EndGlobalSection
	GlobalSection(ExtensibilityGlobals) = postSolution
		SolutionGuid = {650975F6-7CC6-4583-8158-53A9F0142C31}
	EndGlobalSection
EndGlobal
